{
  "name": "radiovue",
  "lockfileVersion": 3,
  "requires": true,
  "packages": {
    "": {
      "dependencies": {
        "wavesurfer.js": "^7.7.13"
      }
    },
    "node_modules/wavesurfer.js": {
      "version": "7.7.13",
      "resolved": "https://registry.npmjs.org/wavesurfer.js/-/wavesurfer.js-7.7.13.tgz",
      "integrity": "sha512-lQ5QkLa0Kzt5jkt4vP+K1RvsopaH5LssxZ3OArxaeetGYvQfot4Xq5UB8CRsJLXF0+hFWOmqc23WGhP64v2byQ=="
    }
  }
}
